
Microsoft Visual Studio Solution File, Format Version 12.00
# Visual Studio Version 16
VisualStudioVersion = 16.0.30517.126
MinimumVisualStudioVersion = 10.0.40219.1
Project("{FAE04EC0-301F-11D3-BF4B-00C04F79EFBC}") = "WebApplication2", "WebApplication2\WebApplication2.csproj", "{A34D66C9-2615-49B3-964C-BAC56DD2FD5D}"
EndProject
Global
	GlobalSection(SolutionConfigurationPlatforms) = preSolution
		Debug|Any CPU = Debug|Any CPU
		Release|Any CPU = Release|Any CPU
	EndGlobalSection
	GlobalSection(ProjectConfigurationPlatforms) = postSolution
		{A34D66C9-2615-49B3-964C-BAC56DD2FD5D}.Debug|Any CPU.ActiveCfg = Debug|Any CPU
		{A34D66C9-2615-49B3-964C-BAC56DD2FD5D}.Debug|Any CPU.Build.0 = Debug|Any CPU
		{A34D66C9-2615-49B3-964C-BAC56DD2FD5D}.Release|Any CPU.ActiveCfg = Release|Any CPU
		{A34D66C9-2615-49B3-964C-BAC56DD2FD5D}.Release|Any CPU.Build.0 = Release|Any CPU
	EndGlobalSection
	GlobalSection(SolutionProperties) = preSolution
		HideSolutionNode = FALSE
	EndGlobalSection
	GlobalSection(ExtensibilityGlobals) = postSolution
		SolutionGuid = {01F082F5-BC92-49D1-8961-975AE7E6AFBD}
	EndGlobalSection
EndGlobal
